
Microsoft Visual Studio Solution File, Format Version 12.00
# Visual Studio 15
VisualStudioVersion = 15.0.27703.2047
MinimumVisualStudioVersion = 10.0.40219.1
Project("{FAE04EC0-301F-11D3-BF4B-00C04F79EFBC}") = "GZipTestApplication", "GZipTestApplication\GZipTestApplication.csproj", "{28BC71C1-8E10-4772-96D7-05AD2061036C}"
EndProject
Global
	GlobalSection(SolutionConfigurationPlatforms) = preSolution
		Debug|Any CPU = Debug|Any CPU
		Release|Any CPU = Release|Any CPU
	EndGlobalSection
	GlobalSection(ProjectConfigurationPlatforms) = postSolution
		{28BC71C1-8E10-4772-96D7-05AD2061036C}.Debug|Any CPU.ActiveCfg = Debug|Any CPU
		{28BC71C1-8E10-4772-96D7-05AD2061036C}.Debug|Any CPU.Build.0 = Debug|Any CPU
		{28BC71C1-8E10-4772-96D7-05AD2061036C}.Release|Any CPU.ActiveCfg = Release|Any CPU
		{28BC71C1-8E10-4772-96D7-05AD2061036C}.Release|Any CPU.Build.0 = Release|Any CPU
	EndGlobalSection
	GlobalSection(SolutionProperties) = preSolution
		HideSolutionNode = FALSE
	EndGlobalSection
	GlobalSection(ExtensibilityGlobals) = postSolution
		SolutionGuid = {C17F96B8-58CE-44D2-92AF-881C82BF8EDC}
	EndGlobalSection
EndGlobal
